
Microsoft Visual Studio Solution File, Format Version 12.00
# Visual Studio Version 16
VisualStudioVersion = 16.0.29806.167
MinimumVisualStudioVersion = 10.0.40219.1
Project("{FAE04EC0-301F-11D3-BF4B-00C04F79EFBC}") = "Lab3", "Lab3\Lab3.csproj", "{87B3639F-A0CA-4AC7-A9EA-E4A044BFD0DD}"
EndProject
Global
	GlobalSection(SolutionConfigurationPlatforms) = preSolution
		Debug|Any CPU = Debug|Any CPU
		Release|Any CPU = Release|Any CPU
	EndGlobalSection
	GlobalSection(ProjectConfigurationPlatforms) = postSolution
		{87B3639F-A0CA-4AC7-A9EA-E4A044BFD0DD}.Debug|Any CPU.ActiveCfg = Debug|Any CPU
		{87B3639F-A0CA-4AC7-A9EA-E4A044BFD0DD}.Debug|Any CPU.Build.0 = Debug|Any CPU
		{87B3639F-A0CA-4AC7-A9EA-E4A044BFD0DD}.Release|Any CPU.ActiveCfg = Release|Any CPU
		{87B3639F-A0CA-4AC7-A9EA-E4A044BFD0DD}.Release|Any CPU.Build.0 = Release|Any CPU
	EndGlobalSection
	GlobalSection(SolutionProperties) = preSolution
		HideSolutionNode = FALSE
	EndGlobalSection
	GlobalSection(ExtensibilityGlobals) = postSolution
		SolutionGuid = {857B4921-9A77-44BD-9F81-A7E4E5E483DC}
	EndGlobalSection
EndGlobal
